
Microsoft Visual Studio Solution File, Format Version 12.00
# Visual Studio Version 17
VisualStudioVersion = 17.0.32014.148
MinimumVisualStudioVersion = 10.0.40219.1
Project("{FAE04EC0-301F-11D3-BF4B-00C04F79EFBC}") = "problem27", "problem27\problem27.csproj", "{34928C62-468C-49EC-9FC6-FD8B5DC35F2C}"
EndProject
Global
	GlobalSection(SolutionConfigurationPlatforms) = preSolution
		Debug|Any CPU = Debug|Any CPU
		Release|Any CPU = Release|Any CPU
	EndGlobalSection
	GlobalSection(ProjectConfigurationPlatforms) = postSolution
		{34928C62-468C-49EC-9FC6-FD8B5DC35F2C}.Debug|Any CPU.ActiveCfg = Debug|Any CPU
		{34928C62-468C-49EC-9FC6-FD8B5DC35F2C}.Debug|Any CPU.Build.0 = Debug|Any CPU
		{34928C62-468C-49EC-9FC6-FD8B5DC35F2C}.Release|Any CPU.ActiveCfg = Release|Any CPU
		{34928C62-468C-49EC-9FC6-FD8B5DC35F2C}.Release|Any CPU.Build.0 = Release|Any CPU
	EndGlobalSection
	GlobalSection(SolutionProperties) = preSolution
		HideSolutionNode = FALSE
	EndGlobalSection
	GlobalSection(ExtensibilityGlobals) = postSolution
		SolutionGuid = {5C01717F-2667-4248-8569-13D7912A72D6}
	EndGlobalSection
EndGlobal
